
Microsoft Visual Studio Solution File, Format Version 12.00
# Visual Studio 15
VisualStudioVersion = 15.0.26124.0
MinimumVisualStudioVersion = 15.0.26124.0
Project("{FAE04EC0-301F-11D3-BF4B-00C04F79EFBC}") = "MathLib", "MathLib\MathLib.csproj", "{AFF785C5-4281-49DC-B870-834DAACCA629}"
EndProject
Project("{FAE04EC0-301F-11D3-BF4B-00C04F79EFBC}") = "MathLib.Tests", "MathLib.Tests\MathLib.Tests.csproj", "{CA07E8DA-08E4-4C48-B591-7406609E1B29}"
EndProject
Project("{FAE04EC0-301F-11D3-BF4B-00C04F79EFBC}") = "MathApp", "MathApp\MathApp.csproj", "{E38BABBE-03AF-4880-8583-97402D461361}"
EndProject
Global
	GlobalSection(SolutionConfigurationPlatforms) = preSolution
		Debug|Any CPU = Debug|Any CPU
		Debug|x64 = Debug|x64
		Debug|x86 = Debug|x86
		Release|Any CPU = Release|Any CPU
		Release|x64 = Release|x64
		Release|x86 = Release|x86
	EndGlobalSection
	GlobalSection(SolutionProperties) = preSolution
		HideSolutionNode = FALSE
	EndGlobalSection
	GlobalSection(ProjectConfigurationPlatforms) = postSolution
		{AFF785C5-4281-49DC-B870-834DAACCA629}.Debug|Any CPU.ActiveCfg = Debug|Any CPU
		{AFF785C5-4281-49DC-B870-834DAACCA629}.Debug|Any CPU.Build.0 = Debug|Any CPU
		{AFF785C5-4281-49DC-B870-834DAACCA629}.Debug|x64.ActiveCfg = Debug|x64
		{AFF785C5-4281-49DC-B870-834DAACCA629}.Debug|x64.Build.0 = Debug|x64
		{AFF785C5-4281-49DC-B870-834DAACCA629}.Debug|x86.ActiveCfg = Debug|x86
		{AFF785C5-4281-49DC-B870-834DAACCA629}.Debug|x86.Build.0 = Debug|x86
		{AFF785C5-4281-49DC-B870-834DAACCA629}.Release|Any CPU.ActiveCfg = Release|Any CPU
		{AFF785C5-4281-49DC-B870-834DAACCA629}.Release|Any CPU.Build.0 = Release|Any CPU
		{AFF785C5-4281-49DC-B870-834DAACCA629}.Release|x64.ActiveCfg = Release|x64
		{AFF785C5-4281-49DC-B870-834DAACCA629}.Release|x64.Build.0 = Release|x64
		{AFF785C5-4281-49DC-B870-834DAACCA629}.Release|x86.ActiveCfg = Release|x86
		{AFF785C5-4281-49DC-B870-834DAACCA629}.Release|x86.Build.0 = Release|x86
		{CA07E8DA-08E4-4C48-B591-7406609E1B29}.Debug|Any CPU.ActiveCfg = Debug|Any CPU
		{CA07E8DA-08E4-4C48-B591-7406609E1B29}.Debug|Any CPU.Build.0 = Debug|Any CPU
		{CA07E8DA-08E4-4C48-B591-7406609E1B29}.Debug|x64.ActiveCfg = Debug|x64
		{CA07E8DA-08E4-4C48-B591-7406609E1B29}.Debug|x64.Build.0 = Debug|x64
		{CA07E8DA-08E4-4C48-B591-7406609E1B29}.Debug|x86.ActiveCfg = Debug|x86
		{CA07E8DA-08E4-4C48-B591-7406609E1B29}.Debug|x86.Build.0 = Debug|x86
		{CA07E8DA-08E4-4C48-B591-7406609E1B29}.Release|Any CPU.ActiveCfg = Release|Any CPU
		{CA07E8DA-08E4-4C48-B591-7406609E1B29}.Release|Any CPU.Build.0 = Release|Any CPU
		{CA07E8DA-08E4-4C48-B591-7406609E1B29}.Release|x64.ActiveCfg = Release|x64
		{CA07E8DA-08E4-4C48-B591-7406609E1B29}.Release|x64.Build.0 = Release|x64
		{CA07E8DA-08E4-4C48-B591-7406609E1B29}.Release|x86.ActiveCfg = Release|x86
		{CA07E8DA-08E4-4C48-B591-7406609E1B29}.Release|x86.Build.0 = Release|x86
		{E38BABBE-03AF-4880-8583-97402D461361}.Debug|Any CPU.ActiveCfg = Debug|Any CPU
		{E38BABBE-03AF-4880-8583-97402D461361}.Debug|Any CPU.Build.0 = Debug|Any CPU
		{E38BABBE-03AF-4880-8583-97402D461361}.Debug|x64.ActiveCfg = Debug|x64
		{E38BABBE-03AF-4880-8583-97402D461361}.Debug|x64.Build.0 = Debug|x64
		{E38BABBE-03AF-4880-8583-97402D461361}.Debug|x86.ActiveCfg = Debug|x86
		{E38BABBE-03AF-4880-8583-97402D461361}.Debug|x86.Build.0 = Debug|x86
		{E38BABBE-03AF-4880-8583-97402D461361}.Release|Any CPU.ActiveCfg = Release|Any CPU
		{E38BABBE-03AF-4880-8583-97402D461361}.Release|Any CPU.Build.0 = Release|Any CPU
		{E38BABBE-03AF-4880-8583-97402D461361}.Release|x64.ActiveCfg = Release|x64
		{E38BABBE-03AF-4880-8583-97402D461361}.Release|x64.Build.0 = Release|x64
		{E38BABBE-03AF-4880-8583-97402D461361}.Release|x86.ActiveCfg = Release|x86
		{E38BABBE-03AF-4880-8583-97402D461361}.Release|x86.Build.0 = Release|x86
	EndGlobalSection
EndGlobal
